
Microsoft Visual Studio Solution File, Format Version 12.00
# Visual Studio Version 17
VisualStudioVersion = 17.4.33110.190
MinimumVisualStudioVersion = 10.0.40219.1
Project("{FAE04EC0-301F-11D3-BF4B-00C04F79EFBC}") = "CreditTask", "CreditTask.csproj", "{92F6F72C-6D5F-4693-B8C3-342D044EAB68}"
EndProject
Global
	GlobalSection(SolutionConfigurationPlatforms) = preSolution
		Debug|Any CPU = Debug|Any CPU
		Release|Any CPU = Release|Any CPU
	EndGlobalSection
	GlobalSection(ProjectConfigurationPlatforms) = postSolution
		{92F6F72C-6D5F-4693-B8C3-342D044EAB68}.Debug|Any CPU.ActiveCfg = Debug|Any CPU
		{92F6F72C-6D5F-4693-B8C3-342D044EAB68}.Debug|Any CPU.Build.0 = Debug|Any CPU
		{92F6F72C-6D5F-4693-B8C3-342D044EAB68}.Release|Any CPU.ActiveCfg = Release|Any CPU
		{92F6F72C-6D5F-4693-B8C3-342D044EAB68}.Release|Any CPU.Build.0 = Release|Any CPU
	EndGlobalSection
	GlobalSection(SolutionProperties) = preSolution
		HideSolutionNode = FALSE
	EndGlobalSection
	GlobalSection(ExtensibilityGlobals) = postSolution
		SolutionGuid = {D86F0CE4-E1C5-4457-B943-D3E85CCD038E}
	EndGlobalSection
EndGlobal
